
Microsoft Visual Studio Solution File, Format Version 12.00
# Visual Studio Version 17
VisualStudioVersion = 17.14.36401.2 d17.14
MinimumVisualStudioVersion = 10.0.40219.1
Project("{FAE04EC0-301F-11D3-BF4B-00C04F79EFBC}") = "exer8", "exer8.csproj", "{2E4A580C-7695-408C-9D2F-53BC5A4D8167}"
EndProject
Global
	GlobalSection(SolutionConfigurationPlatforms) = preSolution
		Debug|Any CPU = Debug|Any CPU
		Release|Any CPU = Release|Any CPU
	EndGlobalSection
	GlobalSection(ProjectConfigurationPlatforms) = postSolution
		{2E4A580C-7695-408C-9D2F-53BC5A4D8167}.Debug|Any CPU.ActiveCfg = Debug|Any CPU
		{2E4A580C-7695-408C-9D2F-53BC5A4D8167}.Debug|Any CPU.Build.0 = Debug|Any CPU
		{2E4A580C-7695-408C-9D2F-53BC5A4D8167}.Release|Any CPU.ActiveCfg = Release|Any CPU
		{2E4A580C-7695-408C-9D2F-53BC5A4D8167}.Release|Any CPU.Build.0 = Release|Any CPU
	EndGlobalSection
	GlobalSection(SolutionProperties) = preSolution
		HideSolutionNode = FALSE
	EndGlobalSection
	GlobalSection(ExtensibilityGlobals) = postSolution
		SolutionGuid = {F0406B1D-E7FE-432E-AE98-049E26EFCC58}
	EndGlobalSection
EndGlobal
